uuid: 34986534-9e40-40dd-a4ed-a3ff9a0542a7
langcode: en
status: true
dependencies: {  }
_core:
  default_config_hash: 5B0WCCKOBdOYZxfM-iLEYNnOkuRD_dV5oEESAQOBvGA
id: footer_promo_block
label: 'Footer promo block'
revision: false
description: 'A footer promo block contains a title, promo text, and a "find out more" link.'
