uuid: c643d4e9-7b49-4145-bc5e-52d7c865ce83
langcode: en
status: true
dependencies: {  }
_core:
  default_config_hash: 5e4BCZPqr9acBiJlX6gfikEX3YdBUesFrCSUsYLWXbs
id: banner_block
label: 'Banner block'
revision: false
description: "A banner block contains a title, summary, link to content and a background image. The background image is scaled to fill the browser's width."
